<?xml version="1.0" encoding="utf-8"?>
<Project ToolsVersion="4.0" xmlns="http://schemas.microsoft.com/developer/msbuild/2003">
  <ItemGroup>
    <Filter Include="Source Files">
      <UniqueIdentifier>{4FC737F1-C7A5-4376-A066-2A32D752A2FF}</UniqueIdentifier>
      <Extensions>cpp;c;cc;cxx;def;odl;idl;hpj;bat;asm;asmx</Extensions>
    </Filter>
    <Filter Include="Header Files">
      <UniqueIdentifier>{93995380-89BD-4b04-88EB-625FBE52EBFB}</UniqueIdentifier>
      <Extensions>h;hpp;hxx;hm;inl;inc;xsd</Extensions>
    </Filter>
    <Filter Include="IMGUI">
      <UniqueIdentifier>{ded84414-400f-46c1-840b-1ef400c24ddb}</UniqueIdentifier>
    </Filter>
    <Filter Include="Math3D">
      <UniqueIdentifier>{a49fb6f1-a376-48fd-9f88-badf4e7ebbef}</UniqueIdentifier>
    </Filter>
  </ItemGroup>
  <ItemGroup>
    <ClCompile Include="..\src\DrawUtil.cpp">
      <Filter>Source Files</Filter>
    </ClCompile>
    <ClCompile Include="..\src\GLUTView.cpp">
      <Filter>Source Files</Filter>
    </ClCompile>
    <ClCompile Include="..\src\Main.cpp">
      <Filter>Source Files</Filter>
    </ClCompile>
    <ClCompile Include="..\src\MeshFair.cpp">
      <Filter>Source Files</Filter>
    </ClCompile>
    <ClCompile Include="..\src\MeshIO.cpp">
      <Filter>Source Files</Filter>
    </ClCompile>
    <ClCompile Include="..\src\OBJReader.cpp">
      <Filter>Source Files</Filter>
    </ClCompile>
    <ClCompile Include="..\src\Timer.cpp">
      <Filter>Source Files</Filter>
    </ClCompile>
    <ClCompile Include="..\src\TriMesh.cpp">
      <Filter>Source Files</Filter>
    </ClCompile>
    <ClCompile Include="..\src\TriMeshSmooth.cpp">
      <Filter>Source Files</Filter>
    </ClCompile>
    <ClCompile Include="..\src\TriMeshUtil.cpp">
      <Filter>Source Files</Filter>
    </ClCompile>
    <ClCompile Include="..\src\utilities.cpp">
      <Filter>Source Files</Filter>
    </ClCompile>
    <ClCompile Include="..\imgui\imgui.cpp">
      <Filter>IMGUI</Filter>
    </ClCompile>
    <ClCompile Include="..\imgui\imgui_draw.cpp">
      <Filter>IMGUI</Filter>
    </ClCompile>
    <ClCompile Include="..\imgui\imgui_impl_glut.cpp">
      <Filter>IMGUI</Filter>
    </ClCompile>
  </ItemGroup>
  <ItemGroup>
    <ClInclude Include="..\imgui\imconfig.h">
      <Filter>IMGUI</Filter>
    </ClInclude>
    <ClInclude Include="..\imgui\imgui.h">
      <Filter>IMGUI</Filter>
    </ClInclude>
    <ClInclude Include="..\imgui\imgui_impl_glut.h">
      <Filter>IMGUI</Filter>
    </ClInclude>
    <ClInclude Include="..\imgui\imgui_internal.h">
      <Filter>IMGUI</Filter>
    </ClInclude>
    <ClInclude Include="..\imgui\stb_rect_pack.h">
      <Filter>IMGUI</Filter>
    </ClInclude>
    <ClInclude Include="..\imgui\stb_textedit.h">
      <Filter>IMGUI</Filter>
    </ClInclude>
    <ClInclude Include="..\imgui\stb_truetype.h">
      <Filter>IMGUI</Filter>
    </ClInclude>
    <ClInclude Include="..\src\Math3D\mat.h">
      <Filter>Math3D</Filter>
    </ClInclude>
    <ClInclude Include="..\src\Math3D\math.h">
      <Filter>Math3D</Filter>
    </ClInclude>
    <ClInclude Include="..\src\Math3D\quat.h">
      <Filter>Math3D</Filter>
    </ClInclude>
    <ClInclude Include="..\src\Math3D\vec.h">
      <Filter>Math3D</Filter>
    </ClInclude>
    <ClInclude Include="..\src\Math3D\vmacros.h">
      <Filter>Math3D</Filter>
    </ClInclude>
    <ClInclude Include="..\src\DrawUtil.h">
      <Filter>Source Files</Filter>
    </ClInclude>
    <ClInclude Include="..\src\XGLM.h">
      <Filter>Source Files</Filter>
    </ClInclude>
    <ClInclude Include="..\src\GLUTView.h">
      <Filter>Source Files</Filter>
    </ClInclude>
    <ClInclude Include="..\src\MeshIO.h">
      <Filter>Source Files</Filter>
    </ClInclude>
    <ClInclude Include="..\src\MyGLUT.h">
      <Filter>Source Files</Filter>
    </ClInclude>
    <ClInclude Include="..\src\PickPixel.h">
      <Filter>Source Files</Filter>
    </ClInclude>
    <ClInclude Include="..\src\Timer.h">
      <Filter>Source Files</Filter>
    </ClInclude>
    <ClInclude Include="..\src\Trackball.h">
      <Filter>Source Files</Filter>
    </ClInclude>
    <ClInclude Include="..\src\TriMesh.h">
      <Filter>Source Files</Filter>
    </ClInclude>
    <ClInclude Include="..\src\utilities.h">
      <Filter>Source Files</Filter>
    </ClInclude>
    <ClInclude Include="..\src\Variables.h">
      <Filter>Source Files</Filter>
    </ClInclude>
  </ItemGroup>
</Project>